{
  "version": 4,
  "terraform_version": "1.2.4",
  "serial": 20,
  "lineage": "f8f2c571-5d8b-2086-b157-c016d1979017",
  "outputs": {},
  "resources": [
    {
      "mode": "data",
      "type": "nsxt_policy_edge_cluster",
      "name": "ec",
      "provider": "provider[\"registry.terraform.io/vmware/nsxt\"]",
      "instances": [
        {
          "schema_version": 0,
          "attributes": {
            "description": "",
            "display_name": "edge-cluster",
            "id": "71c297f2-3457-4514-8888-3839fe452b78",
            "path": "/infra/sites/default/enforcement-points/default/edge-clusters/71c297f2-3457-4514-8888-3839fe452b78",
            "site_path": null
          },
          "sensitive_attributes": []
        }
      ]
    },
    {
      "mode": "data",
      "type": "nsxt_policy_lb_app_profile",
      "name": "http",
      "provider": "provider[\"registry.terraform.io/vmware/nsxt\"]",
      "instances": [
        {
          "schema_version": 0,
          "attributes": {
            "description": "",
            "display_name": "default-http-lb-app-profile",
            "id": "default-http-lb-app-profile",
            "path": "/infra/lb-app-profiles/default-http-lb-app-profile",
            "type": "HTTP"
          },
          "sensitive_attributes": []
        }
      ]
    },
    {
      "mode": "data",
      "type": "nsxt_policy_lb_app_profile",
      "name": "https-redirect",
      "provider": "provider[\"registry.terraform.io/vmware/nsxt\"]",
      "instances": [
        {
          "schema_version": 0,
          "attributes": {
            "description": "",
            "display_name": "https-redirect",
            "id": "https-redirect",
            "path": "/infra/lb-app-profiles/https-redirect",
            "type": "HTTP"
          },
          "sensitive_attributes": []
        }
      ]
    },
    {
      "mode": "data",
      "type": "nsxt_policy_lb_monitor",
      "name": "http-monitor",
      "provider": "provider[\"registry.terraform.io/vmware/nsxt\"]",
      "instances": [
        {
          "schema_version": 0,
          "attributes": {
            "description": "",
            "display_name": "default-http-lb-monitor",
            "id": "default-http-lb-monitor",
            "path": "/infra/lb-monitor-profiles/default-http-lb-monitor",
            "type": "HTTP"
          },
          "sensitive_attributes": []
        }
      ]
    },
    {
      "mode": "data",
      "type": "nsxt_policy_lb_persistence_profile",
      "name": "cookie",
      "provider": "provider[\"registry.terraform.io/vmware/nsxt\"]",
      "instances": [
        {
          "schema_version": 0,
          "attributes": {
            "description": "",
            "display_name": "default-cookie-lb-persistence-profile",
            "id": "default-cookie-lb-persistence-profile",
            "path": "/infra/lb-persistence-profiles/default-cookie-lb-persistence-profile",
            "type": "COOKIE"
          },
          "sensitive_attributes": []
        }
      ]
    },
    {
      "mode": "data",
      "type": "nsxt_policy_service",
      "name": "svc_dns-tcp",
      "provider": "provider[\"registry.terraform.io/vmware/nsxt\"]",
      "instances": [
        {
          "schema_version": 0,
          "attributes": {
            "description": "DNS",
            "display_name": "DNS",
            "id": "DNS",
            "path": "/infra/services/DNS"
          },
          "sensitive_attributes": []
        }
      ]
    },
    {
      "mode": "data",
      "type": "nsxt_policy_service",
      "name": "svc_dns-udp",
      "provider": "provider[\"registry.terraform.io/vmware/nsxt\"]",
      "instances": [
        {
          "schema_version": 0,
          "attributes": {
            "description": "DNS-UDP",
            "display_name": "DNS-UDP",
            "id": "DNS-UDP",
            "path": "/infra/services/DNS-UDP"
          },
          "sensitive_attributes": []
        }
      ]
    },
    {
      "mode": "data",
      "type": "nsxt_policy_service",
      "name": "svc_icmp",
      "provider": "provider[\"registry.terraform.io/vmware/nsxt\"]",
      "instances": [
        {
          "schema_version": 0,
          "attributes": {
            "description": "ICMP ALL",
            "display_name": "ICMP ALL",
            "id": "ICMP-ALL",
            "path": "/infra/services/ICMP-ALL"
          },
          "sensitive_attributes": []
        }
      ]
    },
    {
      "mode": "data",
      "type": "nsxt_policy_service",
      "name": "svc_rdp",
      "provider": "provider[\"registry.terraform.io/vmware/nsxt\"]",
      "instances": [
        {
          "schema_version": 0,
          "attributes": {
            "description": "RDP",
            "display_name": "RDP",
            "id": "RDP",
            "path": "/infra/services/RDP"
          },
          "sensitive_attributes": []
        }
      ]
    },
    {
      "mode": "data",
      "type": "nsxt_policy_service",
      "name": "svc_ssh",
      "provider": "provider[\"registry.terraform.io/vmware/nsxt\"]",
      "instances": [
        {
          "schema_version": 0,
          "attributes": {
            "description": "SSH",
            "display_name": "SSH",
            "id": "SSH",
            "path": "/infra/services/SSH"
          },
          "sensitive_attributes": []
        }
      ]
    },
    {
      "mode": "data",
      "type": "nsxt_policy_tier0_gateway",
      "name": "tier0_router",
      "provider": "provider[\"registry.terraform.io/vmware/nsxt\"]",
      "instances": [
        {
          "schema_version": 0,
          "attributes": {
            "description": "",
            "display_name": "Provider-LR",
            "edge_cluster_path": "/infra/sites/default/enforcement-points/default/edge-clusters/71c297f2-3457-4514-8888-3839fe452b78",
            "id": "Provider-LR",
            "path": "/infra/tier-0s/Provider-LR"
          },
          "sensitive_attributes": []
        }
      ]
    },
    {
      "mode": "data",
      "type": "nsxt_policy_transport_zone",
      "name": "overlay_transport_zone",
      "provider": "provider[\"registry.terraform.io/vmware/nsxt\"]",
      "instances": [
        {
          "schema_version": 0,
          "attributes": {
            "description": "",
            "display_name": "TZ-OVERLAY",
            "id": "6ef4e029-094b-426d-b1ad-4151f9807977",
            "is_default": true,
            "path": "/infra/sites/default/enforcement-points/default/transport-zones/6ef4e029-094b-426d-b1ad-4151f9807977",
            "site_path": null,
            "transport_type": "OVERLAY_STANDARD"
          },
          "sensitive_attributes": []
        }
      ]
    },
    {
      "mode": "managed",
      "type": "nsxt_policy_dhcp_server",
      "name": "dhcp_server",
      "provider": "provider[\"registry.terraform.io/vmware/nsxt\"]",
      "instances": [
        {
          "schema_version": 0,
          "attributes": {
            "description": "Terraform provisioned DhcpServerConfig",
            "display_name": "dhcp_server",
            "edge_cluster_path": "/infra/sites/default/enforcement-points/default/edge-clusters/71c297f2-3457-4514-8888-3839fe452b78",
            "id": "322bf147-be45-4d88-aa76-d90156facd45",
            "lease_time": 86400,
            "nsx_id": "322bf147-be45-4d88-aa76-d90156facd45",
            "path": "/infra/dhcp-server-configs/322bf147-be45-4d88-aa76-d90156facd45",
            "preferred_edge_paths": [],
            "revision": 1,
            "server_addresses": [
              "10.1.0.253/24"
            ],
            "tag": []
          },
          "sensitive_attributes": [],
          "private": "bnVsbA==",
          "dependencies": [
            "data.nsxt_policy_edge_cluster.ec"
          ]
        }
      ]
    },
    {
      "mode": "managed",
      "type": "nsxt_policy_gateway_policy",
      "name": "demo_gateway_policy",
      "provider": "provider[\"registry.terraform.io/vmware/nsxt\"]",
      "instances": [
        {
          "schema_version": 0,
          "attributes": {
            "category": "LocalGatewayRules",
            "comments": "",
            "description": "Terraform provisioned Demo Gateway Policy",
            "display_name": "demo-gateway-policy",
            "domain": "default",
            "id": "3a4cf9da-57a3-405b-b5f4-ee267e90c4a6",
            "locked": true,
            "nsx_id": "3a4cf9da-57a3-405b-b5f4-ee267e90c4a6",
            "path": "/infra/domains/default/gateway-policies/3a4cf9da-57a3-405b-b5f4-ee267e90c4a6",
            "revision": 0,
            "rule": [
              {
                "action": "ALLOW",
                "description": "",
                "destination_groups": [],
                "destinations_excluded": false,
                "direction": "IN_OUT",
                "disabled": false,
                "display_name": "Ingress ICMP",
                "ip_version": "IPV4_IPV6",
                "log_label": "",
                "logged": true,
                "notes": "",
                "nsx_id": "1f95620e-1bdf-4e78-8b14-ee9fb0bbe841",
                "profiles": [],
                "revision": 0,
                "rule_id": 5125,
                "scope": [
                  "/infra/tier-1s/839c6f0b-fcc6-42fe-8216-701155c6dc35"
                ],
                "sequence_number": 0,
                "services": [
                  "/infra/services/ICMP-ALL"
                ],
                "source_groups": [
                  "/infra/domains/default/groups/c6fdce59-31bd-466e-af88-5359659369eb"
                ],
                "sources_excluded": false,
                "tag": []
              },
              {
                "action": "ALLOW",
                "description": "",
                "destination_groups": [],
                "destinations_excluded": false,
                "direction": "IN_OUT",
                "disabled": false,
                "display_name": "Ingress RDP",
                "ip_version": "IPV4_IPV6",
                "log_label": "",
                "logged": true,
                "notes": "",
                "nsx_id": "aea1497b-559a-49d6-bd7d-88c4815d376a",
                "profiles": [],
                "revision": 0,
                "rule_id": 5126,
                "scope": [
                  "/infra/tier-1s/839c6f0b-fcc6-42fe-8216-701155c6dc35"
                ],
                "sequence_number": 1,
                "services": [
                  "/infra/services/RDP"
                ],
                "source_groups": [
                  "/infra/domains/default/groups/c6fdce59-31bd-466e-af88-5359659369eb"
                ],
                "sources_excluded": false,
                "tag": []
              },
              {
                "action": "ALLOW",
                "description": "",
                "destination_groups": [
                  "/infra/domains/default/groups/dea5a757-da65-4d37-b254-d53c09a2b713"
                ],
                "destinations_excluded": false,
                "direction": "IN_OUT",
                "disabled": false,
                "display_name": "Ingress SSH",
                "ip_version": "IPV4_IPV6",
                "log_label": "",
                "logged": true,
                "notes": "",
                "nsx_id": "048e6c35-d4bc-4fab-8d40-8ea2c0aa15f0",
                "profiles": [],
                "revision": 0,
                "rule_id": 5127,
                "scope": [
                  "/infra/tier-1s/839c6f0b-fcc6-42fe-8216-701155c6dc35"
                ],
                "sequence_number": 2,
                "services": [
                  "/infra/services/SSH"
                ],
                "source_groups": [],
                "sources_excluded": false,
                "tag": []
              },
              {
                "action": "ALLOW",
                "description": "",
                "destination_groups": [
                  "/infra/domains/default/groups/dea5a757-da65-4d37-b254-d53c09a2b713"
                ],
                "destinations_excluded": false,
                "direction": "IN_OUT",
                "disabled": false,
                "display_name": "DNS",
                "ip_version": "IPV4_IPV6",
                "log_label": "",
                "logged": true,
                "notes": "",
                "nsx_id": "158b8f71-f841-4304-93e2-189e2f35d825",
                "profiles": [],
                "revision": 0,
                "rule_id": 5128,
                "scope": [
                  "/infra/tier-1s/839c6f0b-fcc6-42fe-8216-701155c6dc35"
                ],
                "sequence_number": 3,
                "services": [
                  "/infra/services/DNS",
                  "/infra/services/DNS-UDP"
                ],
                "source_groups": [
                  "/infra/domains/default/groups/c6fdce59-31bd-466e-af88-5359659369eb"
                ],
                "sources_excluded": false,
                "tag": []
              },
              {
                "action": "DROP",
                "description": "",
                "destination_groups": [
                  "/infra/domains/default/groups/dea5a757-da65-4d37-b254-d53c09a2b713"
                ],
                "destinations_excluded": false,
                "direction": "IN_OUT",
                "disabled": false,
                "display_name": "Drop all ingress",
                "ip_version": "IPV4_IPV6",
                "log_label": "",
                "logged": true,
                "notes": "",
                "nsx_id": "d3b59e8b-da7c-4992-9b7c-d04432359047",
                "profiles": [],
                "revision": 0,
                "rule_id": 5129,
                "scope": [
                  "/infra/tier-1s/839c6f0b-fcc6-42fe-8216-701155c6dc35"
                ],
                "sequence_number": 4,
                "services": [],
                "source_groups": [],
                "sources_excluded": false,
                "tag": []
              },
              {
                "action": "DROP",
                "description": "",
                "destination_groups": [],
                "destinations_excluded": false,
                "direction": "IN_OUT",
                "disabled": false,
                "display_name": "Drop all egress",
                "ip_version": "IPV4_IPV6",
                "log_label": "",
                "logged": true,
                "notes": "",
                "nsx_id": "9f398b30-3c23-44eb-8188-b8369b6cb9fd",
                "profiles": [],
                "revision": 0,
                "rule_id": 5130,
                "scope": [
                  "/infra/tier-1s/839c6f0b-fcc6-42fe-8216-701155c6dc35"
                ],
                "sequence_number": 5,
                "services": [],
                "source_groups": [
                  "/infra/domains/default/groups/dea5a757-da65-4d37-b254-d53c09a2b713"
                ],
                "sources_excluded": false,
                "tag": []
              }
            ],
            "sequence_number": 3,
            "stateful": true,
            "tag": [],
            "tcp_strict": false
          },
          "sensitive_attributes": [],
          "private": "bnVsbA==",
          "dependencies": [
            "data.nsxt_policy_edge_cluster.ec",
            "data.nsxt_policy_service.svc_dns-tcp",
            "data.nsxt_policy_service.svc_dns-udp",
            "data.nsxt_policy_service.svc_icmp",
            "data.nsxt_policy_service.svc_rdp",
            "data.nsxt_policy_service.svc_ssh",
            "data.nsxt_policy_tier0_gateway.tier0_router",
            "nsxt_policy_group.demo_network",
            "nsxt_policy_group.rfc1918",
            "nsxt_policy_tier1_gateway.demo_lb_gateway"
          ]
        }
      ]
    },
    {
      "mode": "managed",
      "type": "nsxt_policy_group",
      "name": "demo_network",
      "provider": "provider[\"registry.terraform.io/vmware/nsxt\"]",
      "instances": [
        {
          "schema_version": 0,
          "attributes": {
            "conjunction": [],
            "criteria": [
              {
                "condition": [],
                "external_id_expression": [],
                "ipaddress_expression": [
                  {
                    "ip_addresses": [
                      "10.1.0.0/24"
                    ]
                  }
                ],
                "macaddress_expression": [],
                "path_expression": []
              }
            ],
            "description": "demo_network",
            "display_name": "demo_network",
            "domain": "default",
            "extended_criteria": [],
            "id": "dea5a757-da65-4d37-b254-d53c09a2b713",
            "nsx_id": "dea5a757-da65-4d37-b254-d53c09a2b713",
            "path": "/infra/domains/default/groups/dea5a757-da65-4d37-b254-d53c09a2b713",
            "revision": 0,
            "tag": []
          },
          "sensitive_attributes": [],
          "private": "bnVsbA=="
        }
      ]
    },
    {
      "mode": "managed",
      "type": "nsxt_policy_group",
      "name": "rfc1918",
      "provider": "provider[\"registry.terraform.io/vmware/nsxt\"]",
      "instances": [
        {
          "schema_version": 0,
          "attributes": {
            "conjunction": [],
            "criteria": [
              {
                "condition": [],
                "external_id_expression": [],
                "ipaddress_expression": [
                  {
                    "ip_addresses": [
                      "10.0.0.0/8",
                      "172.16.0.0/12",
                      "192.168.0.0/16"
                    ]
                  }
                ],
                "macaddress_expression": [],
                "path_expression": []
              }
            ],
            "description": "List of IP rfc1918",
            "display_name": "rfc1918",
            "domain": "default",
            "extended_criteria": [],
            "id": "c6fdce59-31bd-466e-af88-5359659369eb",
            "nsx_id": "c6fdce59-31bd-466e-af88-5359659369eb",
            "path": "/infra/domains/default/groups/c6fdce59-31bd-466e-af88-5359659369eb",
            "revision": 0,
            "tag": []
          },
          "sensitive_attributes": [],
          "private": "bnVsbA=="
        }
      ]
    },
    {
      "mode": "managed",
      "type": "nsxt_policy_group",
      "name": "segment-name-pg",
      "provider": "provider[\"registry.terraform.io/vmware/nsxt\"]",
      "instances": [
        {
          "schema_version": 0,
          "attributes": {
            "conjunction": [],
            "criteria": [
              {
                "condition": [
                  {
                    "key": "Tag",
                    "member_type": "Segment",
                    "operator": "EQUALS",
                    "value": "dev|environment"
                  }
                ],
                "external_id_expression": [],
                "ipaddress_expression": [],
                "macaddress_expression": [],
                "path_expression": []
              }
            ],
            "description": "Test group to try FW rules by name instead of IP",
            "display_name": "Segment Name Policy Group",
            "domain": "default",
            "extended_criteria": [],
            "id": "94eb1cc1-4042-4efc-9f10-6b1f1babd9c5",
            "nsx_id": "94eb1cc1-4042-4efc-9f10-6b1f1babd9c5",
            "path": "/infra/domains/default/groups/94eb1cc1-4042-4efc-9f10-6b1f1babd9c5",
            "revision": 0,
            "tag": []
          },
          "sensitive_attributes": [],
          "private": "bnVsbA=="
        }
      ]
    },
    {
      "mode": "managed",
      "type": "nsxt_policy_group",
      "name": "vm-name-pg",
      "provider": "provider[\"registry.terraform.io/vmware/nsxt\"]",
      "instances": [
        {
          "schema_version": 0,
          "attributes": {
            "conjunction": [],
            "criteria": [
              {
                "condition": [
                  {
                    "key": "Name",
                    "member_type": "VirtualMachine",
                    "operator": "EQUALS",
                    "value": "demo-01"
                  }
                ],
                "external_id_expression": [],
                "ipaddress_expression": [],
                "macaddress_expression": [],
                "path_expression": []
              }
            ],
            "description": "Test group to try FW rules by name instead of IP",
            "display_name": "VM Name Policy Group",
            "domain": "default",
            "extended_criteria": [],
            "id": "3db18f9f-fc1b-4efc-80eb-5f18d8c64f61",
            "nsx_id": "3db18f9f-fc1b-4efc-80eb-5f18d8c64f61",
            "path": "/infra/domains/default/groups/3db18f9f-fc1b-4efc-80eb-5f18d8c64f61",
            "revision": 0,
            "tag": []
          },
          "sensitive_attributes": [],
          "private": "bnVsbA=="
        }
      ]
    },
    {
      "mode": "managed",
      "type": "nsxt_policy_lb_pool",
      "name": "https_virtual_server",
      "provider": "provider[\"registry.terraform.io/vmware/nsxt\"]",
      "instances": [
        {
          "schema_version": 0,
          "attributes": {
            "active_monitor_path": "",
            "algorithm": "ROUND_ROBIN",
            "description": "Terraform provisioned LB Pool https_virtual_server",
            "display_name": "https_virtual_server",
            "id": "af0ca939-b225-4f4d-b26b-522eb014b2ec",
            "member": [
              {
                "admin_state": "ENABLED",
                "backup_member": false,
                "display_name": "hostname1",
                "ip_address": "10.2.0.3",
                "max_concurrent_connections": 1000,
                "port": "80",
                "weight": 1
              },
              {
                "admin_state": "ENABLED",
                "backup_member": false,
                "display_name": "hostname2",
                "ip_address": "10.2.0.4",
                "max_concurrent_connections": 1000,
                "port": "80",
                "weight": 1
              }
            ],
            "member_group": [],
            "min_active_members": 1,
            "nsx_id": "af0ca939-b225-4f4d-b26b-522eb014b2ec",
            "passive_monitor_path": "/infra/lb-monitor-profiles/default-passive-lb-monitor",
            "path": "/infra/lb-pools/af0ca939-b225-4f4d-b26b-522eb014b2ec",
            "revision": 0,
            "snat": [
              {
                "ip_pool_addresses": [
                  "192.168.100.1"
                ],
                "type": "IPPOOL"
              }
            ],
            "tag": [],
            "tcp_multiplexing_enabled": true,
            "tcp_multiplexing_number": 8
          },
          "sensitive_attributes": [],
          "private": "bnVsbA=="
        }
      ]
    },
    {
      "mode": "managed",
      "type": "nsxt_policy_lb_service",
      "name": "demo_lb_service",
      "provider": "provider[\"registry.terraform.io/vmware/nsxt\"]",
      "instances": [
        {
          "schema_version": 0,
          "attributes": {
            "connectivity_path": "/infra/tier-1s/839c6f0b-fcc6-42fe-8216-701155c6dc35",
            "description": "Terraform provisioned Service demo-lb-service",
            "display_name": "demo-lb-service",
            "enabled": true,
            "error_log_level": "ERROR",
            "id": "3dfcd30c-db7b-45db-a3bf-1619ada150e0",
            "nsx_id": "3dfcd30c-db7b-45db-a3bf-1619ada150e0",
            "path": "/infra/lb-services/3dfcd30c-db7b-45db-a3bf-1619ada150e0",
            "revision": 0,
            "size": "SMALL",
            "tag": []
          },
          "sensitive_attributes": [],
          "private": "bnVsbA==",
          "dependencies": [
            "data.nsxt_policy_edge_cluster.ec",
            "data.nsxt_policy_tier0_gateway.tier0_router",
            "nsxt_policy_tier1_gateway.demo_lb_gateway"
          ]
        }
      ]
    },
    {
      "mode": "managed",
      "type": "nsxt_policy_lb_virtual_server",
      "name": "https_redirection",
      "provider": "provider[\"registry.terraform.io/vmware/nsxt\"]",
      "instances": [
        {
          "schema_version": 0,
          "attributes": {
            "access_list_control": [],
            "access_log_enabled": true,
            "application_profile_path": "/infra/lb-app-profiles/https-redirect",
            "client_ssl": [],
            "default_pool_member_ports": [
              "80"
            ],
            "description": "Terraform provisioned Virtual Server",
            "display_name": "https_redirection",
            "enabled": true,
            "id": "ecfb90e3-a266-4ec6-b422-b3f7905ab0ac",
            "ip_address": "10.2.0.2",
            "log_significant_event_only": false,
            "max_concurrent_connections": 1000,
            "max_new_connection_rate": 200,
            "nsx_id": "ecfb90e3-a266-4ec6-b422-b3f7905ab0ac",
            "path": "/infra/lb-virtual-servers/ecfb90e3-a266-4ec6-b422-b3f7905ab0ac",
            "persistence_profile_path": "",
            "pool_path": "",
            "ports": [
              "80"
            ],
            "revision": 0,
            "rule": [],
            "server_ssl": [],
            "service_path": "/infra/lb-services/3dfcd30c-db7b-45db-a3bf-1619ada150e0",
            "sorry_pool_path": "",
            "tag": []
          },
          "sensitive_attributes": [],
          "private": "bnVsbA==",
          "dependencies": [
            "data.nsxt_policy_edge_cluster.ec",
            "data.nsxt_policy_lb_app_profile.https-redirect",
            "data.nsxt_policy_tier0_gateway.tier0_router",
            "nsxt_policy_lb_service.demo_lb_service",
            "nsxt_policy_tier1_gateway.demo_lb_gateway"
          ]
        }
      ]
    },
    {
      "mode": "managed",
      "type": "nsxt_policy_lb_virtual_server",
      "name": "https_virtual_server",
      "provider": "provider[\"registry.terraform.io/vmware/nsxt\"]",
      "instances": [
        {
          "schema_version": 0,
          "attributes": {
            "access_list_control": [],
            "access_log_enabled": true,
            "application_profile_path": "/infra/lb-app-profiles/default-http-lb-app-profile",
            "client_ssl": [],
            "default_pool_member_ports": [
              "443"
            ],
            "description": "Terraform provisioned Virtual Server",
            "display_name": "https_virtual_server",
            "enabled": true,
            "id": "0dd24957-baf1-461e-982a-222f6dea7257",
            "ip_address": "10.2.0.2",
            "log_significant_event_only": false,
            "max_concurrent_connections": 1000,
            "max_new_connection_rate": 200,
            "nsx_id": "0dd24957-baf1-461e-982a-222f6dea7257",
            "path": "/infra/lb-virtual-servers/0dd24957-baf1-461e-982a-222f6dea7257",
            "persistence_profile_path": "",
            "pool_path": "/infra/lb-pools/af0ca939-b225-4f4d-b26b-522eb014b2ec",
            "ports": [
              "443"
            ],
            "revision": 0,
            "rule": [],
            "server_ssl": [],
            "service_path": "/infra/lb-services/3dfcd30c-db7b-45db-a3bf-1619ada150e0",
            "sorry_pool_path": "",
            "tag": []
          },
          "sensitive_attributes": [],
          "private": "bnVsbA==",
          "dependencies": [
            "data.nsxt_policy_edge_cluster.ec",
            "data.nsxt_policy_lb_app_profile.http",
            "data.nsxt_policy_tier0_gateway.tier0_router",
            "nsxt_policy_lb_pool.https_virtual_server",
            "nsxt_policy_lb_service.demo_lb_service",
            "nsxt_policy_tier1_gateway.demo_lb_gateway"
          ]
        }
      ]
    },
    {
      "mode": "managed",
      "type": "nsxt_policy_nat_rule",
      "name": "demo_egress_snat",
      "provider": "provider[\"registry.terraform.io/vmware/nsxt\"]",
      "instances": [
        {
          "schema_version": 0,
          "attributes": {
            "action": "SNAT",
            "description": "",
            "destination_networks": null,
            "display_name": "demo_egress_snat",
            "enabled": true,
            "firewall_match": "MATCH_INTERNAL_ADDRESS",
            "gateway_path": "/infra/tier-1s/839c6f0b-fcc6-42fe-8216-701155c6dc35",
            "id": "699c8a29-444e-4f9a-b28b-8d7bb1f6940b",
            "logging": true,
            "nsx_id": "699c8a29-444e-4f9a-b28b-8d7bb1f6940b",
            "path": "/infra/tier-1s/839c6f0b-fcc6-42fe-8216-701155c6dc35/nat/USER/nat-rules/699c8a29-444e-4f9a-b28b-8d7bb1f6940b",
            "revision": 0,
            "rule_priority": 600,
            "scope": [],
            "service": "",
            "source_networks": null,
            "tag": [],
            "translated_networks": [
              "192.168.100.1"
            ],
            "translated_ports": ""
          },
          "sensitive_attributes": [],
          "private": "bnVsbA==",
          "dependencies": [
            "data.nsxt_policy_edge_cluster.ec",
            "data.nsxt_policy_tier0_gateway.tier0_router",
            "nsxt_policy_tier1_gateway.demo_lb_gateway"
          ]
        }
      ]
    },
    {
      "mode": "managed",
      "type": "nsxt_policy_nat_rule",
      "name": "demo_egrss_nosnat",
      "provider": "provider[\"registry.terraform.io/vmware/nsxt\"]",
      "instances": [
        {
          "index_key": "10.0.0.0/8.10.1.0.0/24",
          "schema_version": 0,
          "attributes": {
            "action": "NO_SNAT",
            "description": "",
            "destination_networks": [
              "10.0.0.0/8"
            ],
            "display_name": "demo_no_snat",
            "enabled": true,
            "firewall_match": "MATCH_INTERNAL_ADDRESS",
            "gateway_path": "/infra/tier-1s/839c6f0b-fcc6-42fe-8216-701155c6dc35",
            "id": "af99f9e0-1919-4366-8a38-c656d73b8c3a",
            "logging": true,
            "nsx_id": "af99f9e0-1919-4366-8a38-c656d73b8c3a",
            "path": "/infra/tier-1s/839c6f0b-fcc6-42fe-8216-701155c6dc35/nat/USER/nat-rules/af99f9e0-1919-4366-8a38-c656d73b8c3a",
            "revision": 0,
            "rule_priority": 300,
            "scope": [],
            "service": "",
            "source_networks": [
              "10.1.0.0/24"
            ],
            "tag": [],
            "translated_networks": [],
            "translated_ports": ""
          },
          "sensitive_attributes": [],
          "private": "bnVsbA==",
          "dependencies": [
            "data.nsxt_policy_edge_cluster.ec",
            "data.nsxt_policy_tier0_gateway.tier0_router",
            "nsxt_policy_tier1_gateway.demo_lb_gateway"
          ]
        },
        {
          "index_key": "172.16.0.0/12.10.1.0.0/24",
          "schema_version": 0,
          "attributes": {
            "action": "NO_SNAT",
            "description": "",
            "destination_networks": [
              "172.16.0.0/12"
            ],
            "display_name": "demo_no_snat",
            "enabled": true,
            "firewall_match": "MATCH_INTERNAL_ADDRESS",
            "gateway_path": "/infra/tier-1s/839c6f0b-fcc6-42fe-8216-701155c6dc35",
            "id": "a40ca0b5-49cc-43d4-a05b-581cd064670c",
            "logging": true,
            "nsx_id": "a40ca0b5-49cc-43d4-a05b-581cd064670c",
            "path": "/infra/tier-1s/839c6f0b-fcc6-42fe-8216-701155c6dc35/nat/USER/nat-rules/a40ca0b5-49cc-43d4-a05b-581cd064670c",
            "revision": 0,
            "rule_priority": 300,
            "scope": [],
            "service": "",
            "source_networks": [
              "10.1.0.0/24"
            ],
            "tag": [],
            "translated_networks": [],
            "translated_ports": ""
          },
          "sensitive_attributes": [],
          "private": "bnVsbA==",
          "dependencies": [
            "data.nsxt_policy_edge_cluster.ec",
            "data.nsxt_policy_tier0_gateway.tier0_router",
            "nsxt_policy_tier1_gateway.demo_lb_gateway"
          ]
        },
        {
          "index_key": "192.168.0.0/16.10.1.0.0/24",
          "schema_version": 0,
          "attributes": {
            "action": "NO_SNAT",
            "description": "",
            "destination_networks": [
              "192.168.0.0/16"
            ],
            "display_name": "demo_no_snat",
            "enabled": true,
            "firewall_match": "MATCH_INTERNAL_ADDRESS",
            "gateway_path": "/infra/tier-1s/839c6f0b-fcc6-42fe-8216-701155c6dc35",
            "id": "2e4f1a58-813b-4f20-9fb5-e3dffbae51f2",
            "logging": true,
            "nsx_id": "2e4f1a58-813b-4f20-9fb5-e3dffbae51f2",
            "path": "/infra/tier-1s/839c6f0b-fcc6-42fe-8216-701155c6dc35/nat/USER/nat-rules/2e4f1a58-813b-4f20-9fb5-e3dffbae51f2",
            "revision": 0,
            "rule_priority": 300,
            "scope": [],
            "service": "",
            "source_networks": [
              "10.1.0.0/24"
            ],
            "tag": [],
            "translated_networks": [],
            "translated_ports": ""
          },
          "sensitive_attributes": [],
          "private": "bnVsbA==",
          "dependencies": [
            "data.nsxt_policy_edge_cluster.ec",
            "data.nsxt_policy_tier0_gateway.tier0_router",
            "nsxt_policy_tier1_gateway.demo_lb_gateway"
          ]
        }
      ]
    },
    {
      "mode": "managed",
      "type": "nsxt_policy_segment",
      "name": "demo",
      "provider": "provider[\"registry.terraform.io/vmware/nsxt\"]",
      "instances": [
        {
          "schema_version": 0,
          "attributes": {
            "advanced_config": [],
            "connectivity_path": "/infra/tier-1s/839c6f0b-fcc6-42fe-8216-701155c6dc35",
            "description": "Terraform provisioned segement for demo",
            "dhcp_config_path": "/infra/dhcp-server-configs/322bf147-be45-4d88-aa76-d90156facd45",
            "discovery_profile": [],
            "display_name": "demo_0",
            "domain_name": "",
            "id": "a56be43c-b1e8-46be-9545-3fec0c8dcdbd",
            "l2_extension": [],
            "nsx_id": "a56be43c-b1e8-46be-9545-3fec0c8dcdbd",
            "overlay_id": 0,
            "path": "/infra/segments/a56be43c-b1e8-46be-9545-3fec0c8dcdbd",
            "qos_profile": [],
            "revision": 0,
            "security_profile": [],
            "subnet": [
              {
                "cidr": "10.1.0.1/24",
                "dhcp_ranges": [
                  "10.1.0.10-10.1.0.100"
                ],
                "dhcp_v4_config": [
                  {
                    "dhcp_generic_option": [],
                    "dhcp_option_121": [],
                    "dns_servers": [
                      "10.10.0.8",
                      "10.10.0.9"
                    ],
                    "lease_time": 86400,
                    "server_address": "10.1.0.253/24"
                  }
                ],
                "dhcp_v6_config": [],
                "network": "10.1.0.0/24"
              }
            ],
            "tag": [],
            "transport_zone_path": "/infra/sites/default/enforcement-points/default/transport-zones/6ef4e029-094b-426d-b1ad-4151f9807977",
            "vlan_ids": null
          },
          "sensitive_attributes": [],
          "private": "bnVsbA==",
          "dependencies": [
            "data.nsxt_policy_edge_cluster.ec",
            "data.nsxt_policy_transport_zone.overlay_transport_zone",
            "nsxt_policy_dhcp_server.dhcp_server",
            "nsxt_policy_tier1_gateway.demo_lb_gateway"
          ]
        }
      ]
    },
    {
      "mode": "managed",
      "type": "nsxt_policy_tier1_gateway",
      "name": "demo_lb_gateway",
      "provider": "provider[\"registry.terraform.io/vmware/nsxt\"]",
      "instances": [
        {
          "schema_version": 0,
          "attributes": {
            "default_rule_logging": true,
            "description": "Demo Tier-1 NLB gateway provisioned by Terraform",
            "dhcp_config_path": null,
            "display_name": "demo-lb-gateway",
            "edge_cluster_path": "/infra/sites/default/enforcement-points/default/edge-clusters/71c297f2-3457-4514-8888-3839fe452b78",
            "egress_qos_profile_path": null,
            "enable_firewall": true,
            "enable_standby_relocation": false,
            "failover_mode": "PREEMPTIVE",
            "force_whitelisting": false,
            "id": "839c6f0b-fcc6-42fe-8216-701155c6dc35",
            "ingress_qos_profile_path": null,
            "intersite_config": [],
            "ipv6_dad_profile_path": "/infra/ipv6-dad-profiles/default",
            "ipv6_ndra_profile_path": "/infra/ipv6-ndra-profiles/default",
            "locale_service": [],
            "nsx_id": "839c6f0b-fcc6-42fe-8216-701155c6dc35",
            "path": "/infra/tier-1s/839c6f0b-fcc6-42fe-8216-701155c6dc35",
            "pool_allocation": "LB_SMALL",
            "revision": 0,
            "route_advertisement_rule": [],
            "route_advertisement_types": [
              "TIER1_CONNECTED",
              "TIER1_LB_SNAT",
              "TIER1_LB_VIP",
              "TIER1_NAT"
            ],
            "tag": [],
            "tier0_path": "/infra/tier-0s/Provider-LR"
          },
          "sensitive_attributes": [],
          "private": "bnVsbA==",
          "dependencies": [
            "data.nsxt_policy_edge_cluster.ec",
            "data.nsxt_policy_tier0_gateway.tier0_router"
          ]
        }
      ]
    }
  ]
}
